
Microsoft Visual Studio Solution File, Format Version 12.00
# Visual Studio Version 17
VisualStudioVersion = 17.14.36623.8
MinimumVisualStudioVersion = 10.0.40219.1
Project("{2150E333-8FDC-42A3-9474-1A3956D46DE8}") = "Services", "Services", "{02EA681E-C7D8-13C7-8484-4AC65E1B71E8}"
EndProject
Project("{2150E333-8FDC-42A3-9474-1A3956D46DE8}") = "Gateway", "Gateway", "{23A8D99A-07D3-4E0D-8341-0D9AA6E39ED7}"
EndProject
Project("{2150E333-8FDC-42A3-9474-1A3956D46DE8}") = "Shared", "Shared", "{B95DBF94-8EFA-4C20-9083-014DA0D01C27}"
EndProject
Project("{2150E333-8FDC-42A3-9474-1A3956D46DE8}") = "CustomerService", "CustomerService", "{3834DFD2-546D-4E18-94EB-290D5DA2CA3C}"
EndProject
Project("{2150E333-8FDC-42A3-9474-1A3956D46DE8}") = "AccountService", "AccountService", "{522C3FA3-FE2B-4110-BC47-89BE133FB216}"
EndProject
Project("{2150E333-8FDC-42A3-9474-1A3956D46DE8}") = "TransactionService", "TransactionService", "{A2894DF8-0351-4C68-B36C-0433B59CB553}"
EndProject
Project("{2150E333-8FDC-42A3-9474-1A3956D46DE8}") = "DocumentService", "DocumentService", "{308F6C1D-3687-422F-A8DA-148DF12AF5D7}"
EndProject
Project("{2150E333-8FDC-42A3-9474-1A3956D46DE8}") = "FileStorageService", "FileStorageService", "{04658FCB-B041-4D0D-AA4B-C6BA2B550014}"
EndProject
Project("{FAE04EC0-301F-11D3-BF4B-00C04F79EFBC}") = "CustomerService.API", "CustomerService.API\CustomerService.API.csproj", "{6B926FDD-E2B1-4F73-9955-6DAB79007F92}"
EndProject
Project("{FAE04EC0-301F-11D3-BF4B-00C04F79EFBC}") = "CustomerService.Application", "CustomerService.Application\CustomerService.Application.csproj", "{C2E7C7EF-456C-427C-AC44-1959EDE16A24}"
EndProject
Project("{FAE04EC0-301F-11D3-BF4B-00C04F79EFBC}") = "CustomerService.Domain", "CustomerService.Domain\CustomerService.Domain.csproj", "{42C3073F-EC94-495C-8A21-2632E5F3E3A8}"
EndProject
Project("{FAE04EC0-301F-11D3-BF4B-00C04F79EFBC}") = "CustomerService.Infrastructure", "CustomerService.Infrastructure\CustomerService.Infrastructure.csproj", "{DBE688BC-1558-4C6B-948E-70AC19C0A2EF}"
EndProject
Project("{FAE04EC0-301F-11D3-BF4B-00C04F79EFBC}") = "CustomerService.Tests", "CustomerService.Tests\CustomerService.Tests.csproj", "{6A5049F0-5C8C-4F60-98E6-CB629A27FF5A}"
EndProject
Project("{FAE04EC0-301F-11D3-BF4B-00C04F79EFBC}") = "AccountService.Tests", "AccountService.Tests\AccountService.Tests.csproj", "{F0DB7AB2-B2C0-4C00-84D1-7BA7AF10D8F6}"
EndProject
Project("{FAE04EC0-301F-11D3-BF4B-00C04F79EFBC}") = "AccountService.API", "AccountService.API\AccountService.API.csproj", "{6DB933D8-4459-4D1E-BD04-7A6EE3B7C672}"
EndProject
Project("{FAE04EC0-301F-11D3-BF4B-00C04F79EFBC}") = "AccountService.Application", "AccountService.Application\AccountService.Application.csproj", "{7B02B35E-A59D-4928-9896-CFA696F43D39}"
EndProject
Project("{FAE04EC0-301F-11D3-BF4B-00C04F79EFBC}") = "AccountService.Domain", "AccountService.Domain\AccountService.Domain.csproj", "{3209CE96-9D0D-492F-989D-A7EF9F5F9309}"
EndProject
Project("{FAE04EC0-301F-11D3-BF4B-00C04F79EFBC}") = "AccountService.Infrastructure", "AccountService.Infrastructure\AccountService.Infrastructure.csproj", "{616604E4-E7A0-40B1-A548-798529347357}"
EndProject
Project("{FAE04EC0-301F-11D3-BF4B-00C04F79EFBC}") = "DocumentService.Tests", "DocumentService.Tests\DocumentService.Tests.csproj", "{A7CA07E7-437A-4C83-9728-B5CD6A46F3B1}"
EndProject
Project("{FAE04EC0-301F-11D3-BF4B-00C04F79EFBC}") = "DocumentService.API", "DocumentService.API\DocumentService.API.csproj", "{DDD57357-53E3-4052-AEB4-856F220643C2}"
EndProject
Project("{FAE04EC0-301F-11D3-BF4B-00C04F79EFBC}") = "DocumentService.Application", "DocumentService.Application\DocumentService.Application.csproj", "{E0343BD8-51A9-4DF8-AE8A-6F4F171B8BDC}"
EndProject
Project("{FAE04EC0-301F-11D3-BF4B-00C04F79EFBC}") = "DocumentService.Infrastructure", "DocumentService.Infrastructure\DocumentService.Infrastructure.csproj", "{82852E9D-F751-42A7-9D0B-FAC23722ABCD}"
EndProject
Project("{FAE04EC0-301F-11D3-BF4B-00C04F79EFBC}") = "DocumentService.Domain", "DocumentService.Domain\DocumentService.Domain.csproj", "{6DCF7AF4-D8DD-451F-92E1-9A97791248C9}"
EndProject
Project("{FAE04EC0-301F-11D3-BF4B-00C04F79EFBC}") = "FileStorageService.API", "FileStorageService.API\FileStorageService.API.csproj", "{B5F157A1-E3AB-468E-9B89-F16A2C6C5756}"
EndProject
Project("{FAE04EC0-301F-11D3-BF4B-00C04F79EFBC}") = "FileStorageService.Tests", "FileStorageService.Tests\FileStorageService.Tests.csproj", "{1F56DA73-141C-4CF5-9EBB-1B8523204C60}"
EndProject
Project("{FAE04EC0-301F-11D3-BF4B-00C04F79EFBC}") = "FileStorageService.Domain", "FileStorageService.Domain\FileStorageService.Domain.csproj", "{CA955A73-1808-499B-8B2D-4CFCD0F16F0A}"
EndProject
Project("{FAE04EC0-301F-11D3-BF4B-00C04F79EFBC}") = "FileStorageService.Infrastructure", "FileStorageService.Infrastucture\FileStorageService.Infrastructure.csproj", "{DCE6BD22-164F-468A-A9CD-9A034FA6FD3D}"
EndProject
Project("{FAE04EC0-301F-11D3-BF4B-00C04F79EFBC}") = "FileStorageService.Application", "FileStorageService.Application\FileStorageService.Application.csproj", "{0CD3DB9A-C1AB-4ED1-9CC5-240969DF0B53}"
EndProject
Project("{FAE04EC0-301F-11D3-BF4B-00C04F79EFBC}") = "TransactionService.API", "TransactionService.API\TransactionService.API.csproj", "{FCA5C992-947A-45A4-B492-AB42AEB1BAE8}"
EndProject
Project("{FAE04EC0-301F-11D3-BF4B-00C04F79EFBC}") = "TransactionService.Tests", "TransactionService.Tests\TransactionService.Tests.csproj", "{A5C183A8-2B85-4A35-BD00-FFCD3F173BF8}"
EndProject
Project("{FAE04EC0-301F-11D3-BF4B-00C04F79EFBC}") = "TransactionService.Domain", "TransactionService.Domain\TransactionService.Domain.csproj", "{C4938151-14E2-4AC0-8F87-AD67CA238259}"
EndProject
Project("{FAE04EC0-301F-11D3-BF4B-00C04F79EFBC}") = "TransactionService.Application", "TransactionService.Application\TransactionService.Application.csproj", "{C2C8CC74-EB9B-4425-BD31-61466C87E6AB}"
EndProject
Project("{FAE04EC0-301F-11D3-BF4B-00C04F79EFBC}") = "TransactionService.Infrastructure", "TransactionService.Infrastructure\TransactionService.Infrastructure.csproj", "{3FCD1A75-174B-41DE-93ED-BE3A01F4C953}"
EndProject
Project("{FAE04EC0-301F-11D3-BF4B-00C04F79EFBC}") = "SharedLibrary", "SharedLibrary\SharedLibrary.csproj", "{32B9818A-5454-4A60-9257-AACE167EE824}"
EndProject
Project("{2150E333-8FDC-42A3-9474-1A3956D46DE8}") = "CacheService", "CacheService", "{BFA1C053-AC68-4E49-AC77-E70DFBA86F2C}"
EndProject
Project("{FAE04EC0-301F-11D3-BF4B-00C04F79EFBC}") = "RedisLibrary", "RedisLibrary\RedisLibrary.csproj", "{B286180D-0F50-422C-BA55-EF56D81C5BCD}"
EndProject
Project("{FAE04EC0-301F-11D3-BF4B-00C04F79EFBC}") = "OcelotGateway", "OcelotGateway\OcelotGateway.csproj", "{496AAC03-03C7-4DC8-86FC-243B752ADECC}"
EndProject
Project("{2150E333-8FDC-42A3-9474-1A3956D46DE8}") = "Solution Items", "Solution Items", "{8EC462FD-D22E-90A8-E5CE-7E832BA40C5D}"
	ProjectSection(SolutionItems) = preProject
		.gitignore = .gitignore
	EndProjectSection
EndProject
Global
	GlobalSection(SolutionConfigurationPlatforms) = preSolution
		Debug|Any CPU = Debug|Any CPU
		Release|Any CPU = Release|Any CPU
	EndGlobalSection
	GlobalSection(ProjectConfigurationPlatforms) = postSolution
		{6B926FDD-E2B1-4F73-9955-6DAB79007F92}.Debug|Any CPU.ActiveCfg = Debug|Any CPU
		{6B926FDD-E2B1-4F73-9955-6DAB79007F92}.Debug|Any CPU.Build.0 = Debug|Any CPU
		{6B926FDD-E2B1-4F73-9955-6DAB79007F92}.Release|Any CPU.ActiveCfg = Release|Any CPU
		{6B926FDD-E2B1-4F73-9955-6DAB79007F92}.Release|Any CPU.Build.0 = Release|Any CPU
		{C2E7C7EF-456C-427C-AC44-1959EDE16A24}.Debug|Any CPU.ActiveCfg = Debug|Any CPU
		{C2E7C7EF-456C-427C-AC44-1959EDE16A24}.Debug|Any CPU.Build.0 = Debug|Any CPU
		{C2E7C7EF-456C-427C-AC44-1959EDE16A24}.Release|Any CPU.ActiveCfg = Release|Any CPU
		{C2E7C7EF-456C-427C-AC44-1959EDE16A24}.Release|Any CPU.Build.0 = Release|Any CPU
		{42C3073F-EC94-495C-8A21-2632E5F3E3A8}.Debug|Any CPU.ActiveCfg = Debug|Any CPU
		{42C3073F-EC94-495C-8A21-2632E5F3E3A8}.Debug|Any CPU.Build.0 = Debug|Any CPU
		{42C3073F-EC94-495C-8A21-2632E5F3E3A8}.Release|Any CPU.ActiveCfg = Release|Any CPU
		{42C3073F-EC94-495C-8A21-2632E5F3E3A8}.Release|Any CPU.Build.0 = Release|Any CPU
		{DBE688BC-1558-4C6B-948E-70AC19C0A2EF}.Debug|Any CPU.ActiveCfg = Debug|Any CPU
		{DBE688BC-1558-4C6B-948E-70AC19C0A2EF}.Debug|Any CPU.Build.0 = Debug|Any CPU
		{DBE688BC-1558-4C6B-948E-70AC19C0A2EF}.Release|Any CPU.ActiveCfg = Release|Any CPU
		{DBE688BC-1558-4C6B-948E-70AC19C0A2EF}.Release|Any CPU.Build.0 = Release|Any CPU
		{6A5049F0-5C8C-4F60-98E6-CB629A27FF5A}.Debug|Any CPU.ActiveCfg = Debug|Any CPU
		{6A5049F0-5C8C-4F60-98E6-CB629A27FF5A}.Debug|Any CPU.Build.0 = Debug|Any CPU
		{6A5049F0-5C8C-4F60-98E6-CB629A27FF5A}.Release|Any CPU.ActiveCfg = Release|Any CPU
		{6A5049F0-5C8C-4F60-98E6-CB629A27FF5A}.Release|Any CPU.Build.0 = Release|Any CPU
		{F0DB7AB2-B2C0-4C00-84D1-7BA7AF10D8F6}.Debug|Any CPU.ActiveCfg = Debug|Any CPU
		{F0DB7AB2-B2C0-4C00-84D1-7BA7AF10D8F6}.Debug|Any CPU.Build.0 = Debug|Any CPU
		{F0DB7AB2-B2C0-4C00-84D1-7BA7AF10D8F6}.Release|Any CPU.ActiveCfg = Release|Any CPU
		{F0DB7AB2-B2C0-4C00-84D1-7BA7AF10D8F6}.Release|Any CPU.Build.0 = Release|Any CPU
		{6DB933D8-4459-4D1E-BD04-7A6EE3B7C672}.Debug|Any CPU.ActiveCfg = Debug|Any CPU
		{6DB933D8-4459-4D1E-BD04-7A6EE3B7C672}.Debug|Any CPU.Build.0 = Debug|Any CPU
		{6DB933D8-4459-4D1E-BD04-7A6EE3B7C672}.Release|Any CPU.ActiveCfg = Release|Any CPU
		{6DB933D8-4459-4D1E-BD04-7A6EE3B7C672}.Release|Any CPU.Build.0 = Release|Any CPU
		{7B02B35E-A59D-4928-9896-CFA696F43D39}.Debug|Any CPU.ActiveCfg = Debug|Any CPU
		{7B02B35E-A59D-4928-9896-CFA696F43D39}.Debug|Any CPU.Build.0 = Debug|Any CPU
		{7B02B35E-A59D-4928-9896-CFA696F43D39}.Release|Any CPU.ActiveCfg = Release|Any CPU
		{7B02B35E-A59D-4928-9896-CFA696F43D39}.Release|Any CPU.Build.0 = Release|Any CPU
		{3209CE96-9D0D-492F-989D-A7EF9F5F9309}.Debug|Any CPU.ActiveCfg = Debug|Any CPU
		{3209CE96-9D0D-492F-989D-A7EF9F5F9309}.Debug|Any CPU.Build.0 = Debug|Any CPU
		{3209CE96-9D0D-492F-989D-A7EF9F5F9309}.Release|Any CPU.ActiveCfg = Release|Any CPU
		{3209CE96-9D0D-492F-989D-A7EF9F5F9309}.Release|Any CPU.Build.0 = Release|Any CPU
		{616604E4-E7A0-40B1-A548-798529347357}.Debug|Any CPU.ActiveCfg = Debug|Any CPU
		{616604E4-E7A0-40B1-A548-798529347357}.Debug|Any CPU.Build.0 = Debug|Any CPU
		{616604E4-E7A0-40B1-A548-798529347357}.Release|Any CPU.ActiveCfg = Release|Any CPU
		{616604E4-E7A0-40B1-A548-798529347357}.Release|Any CPU.Build.0 = Release|Any CPU
		{A7CA07E7-437A-4C83-9728-B5CD6A46F3B1}.Debug|Any CPU.ActiveCfg = Debug|Any CPU
		{A7CA07E7-437A-4C83-9728-B5CD6A46F3B1}.Debug|Any CPU.Build.0 = Debug|Any CPU
		{A7CA07E7-437A-4C83-9728-B5CD6A46F3B1}.Release|Any CPU.ActiveCfg = Release|Any CPU
		{A7CA07E7-437A-4C83-9728-B5CD6A46F3B1}.Release|Any CPU.Build.0 = Release|Any CPU
		{DDD57357-53E3-4052-AEB4-856F220643C2}.Debug|Any CPU.ActiveCfg = Debug|Any CPU
		{DDD57357-53E3-4052-AEB4-856F220643C2}.Debug|Any CPU.Build.0 = Debug|Any CPU
		{DDD57357-53E3-4052-AEB4-856F220643C2}.Release|Any CPU.ActiveCfg = Release|Any CPU
		{DDD57357-53E3-4052-AEB4-856F220643C2}.Release|Any CPU.Build.0 = Release|Any CPU
		{E0343BD8-51A9-4DF8-AE8A-6F4F171B8BDC}.Debug|Any CPU.ActiveCfg = Debug|Any CPU
		{E0343BD8-51A9-4DF8-AE8A-6F4F171B8BDC}.Debug|Any CPU.Build.0 = Debug|Any CPU
		{E0343BD8-51A9-4DF8-AE8A-6F4F171B8BDC}.Release|Any CPU.ActiveCfg = Release|Any CPU
		{E0343BD8-51A9-4DF8-AE8A-6F4F171B8BDC}.Release|Any CPU.Build.0 = Release|Any CPU
		{82852E9D-F751-42A7-9D0B-FAC23722ABCD}.Debug|Any CPU.ActiveCfg = Debug|Any CPU
		{82852E9D-F751-42A7-9D0B-FAC23722ABCD}.Debug|Any CPU.Build.0 = Debug|Any CPU
		{82852E9D-F751-42A7-9D0B-FAC23722ABCD}.Release|Any CPU.ActiveCfg = Release|Any CPU
		{82852E9D-F751-42A7-9D0B-FAC23722ABCD}.Release|Any CPU.Build.0 = Release|Any CPU
		{6DCF7AF4-D8DD-451F-92E1-9A97791248C9}.Debug|Any CPU.ActiveCfg = Debug|Any CPU
		{6DCF7AF4-D8DD-451F-92E1-9A97791248C9}.Debug|Any CPU.Build.0 = Debug|Any CPU
		{6DCF7AF4-D8DD-451F-92E1-9A97791248C9}.Release|Any CPU.ActiveCfg = Release|Any CPU
		{6DCF7AF4-D8DD-451F-92E1-9A97791248C9}.Release|Any CPU.Build.0 = Release|Any CPU
		{B5F157A1-E3AB-468E-9B89-F16A2C6C5756}.Debug|Any CPU.ActiveCfg = Debug|Any CPU
		{B5F157A1-E3AB-468E-9B89-F16A2C6C5756}.Debug|Any CPU.Build.0 = Debug|Any CPU
		{B5F157A1-E3AB-468E-9B89-F16A2C6C5756}.Release|Any CPU.ActiveCfg = Release|Any CPU
		{B5F157A1-E3AB-468E-9B89-F16A2C6C5756}.Release|Any CPU.Build.0 = Release|Any CPU
		{1F56DA73-141C-4CF5-9EBB-1B8523204C60}.Debug|Any CPU.ActiveCfg = Debug|Any CPU
		{1F56DA73-141C-4CF5-9EBB-1B8523204C60}.Debug|Any CPU.Build.0 = Debug|Any CPU
		{1F56DA73-141C-4CF5-9EBB-1B8523204C60}.Release|Any CPU.ActiveCfg = Release|Any CPU
		{1F56DA73-141C-4CF5-9EBB-1B8523204C60}.Release|Any CPU.Build.0 = Release|Any CPU
		{CA955A73-1808-499B-8B2D-4CFCD0F16F0A}.Debug|Any CPU.ActiveCfg = Debug|Any CPU
		{CA955A73-1808-499B-8B2D-4CFCD0F16F0A}.Debug|Any CPU.Build.0 = Debug|Any CPU
		{CA955A73-1808-499B-8B2D-4CFCD0F16F0A}.Release|Any CPU.ActiveCfg = Release|Any CPU
		{CA955A73-1808-499B-8B2D-4CFCD0F16F0A}.Release|Any CPU.Build.0 = Release|Any CPU
		{DCE6BD22-164F-468A-A9CD-9A034FA6FD3D}.Debug|Any CPU.ActiveCfg = Debug|Any CPU
		{DCE6BD22-164F-468A-A9CD-9A034FA6FD3D}.Debug|Any CPU.Build.0 = Debug|Any CPU
		{DCE6BD22-164F-468A-A9CD-9A034FA6FD3D}.Release|Any CPU.ActiveCfg = Release|Any CPU
		{DCE6BD22-164F-468A-A9CD-9A034FA6FD3D}.Release|Any CPU.Build.0 = Release|Any CPU
		{0CD3DB9A-C1AB-4ED1-9CC5-240969DF0B53}.Debug|Any CPU.ActiveCfg = Debug|Any CPU
		{0CD3DB9A-C1AB-4ED1-9CC5-240969DF0B53}.Debug|Any CPU.Build.0 = Debug|Any CPU
		{0CD3DB9A-C1AB-4ED1-9CC5-240969DF0B53}.Release|Any CPU.ActiveCfg = Release|Any CPU
		{0CD3DB9A-C1AB-4ED1-9CC5-240969DF0B53}.Release|Any CPU.Build.0 = Release|Any CPU
		{FCA5C992-947A-45A4-B492-AB42AEB1BAE8}.Debug|Any CPU.ActiveCfg = Debug|Any CPU
		{FCA5C992-947A-45A4-B492-AB42AEB1BAE8}.Debug|Any CPU.Build.0 = Debug|Any CPU
		{FCA5C992-947A-45A4-B492-AB42AEB1BAE8}.Release|Any CPU.ActiveCfg = Release|Any CPU
		{FCA5C992-947A-45A4-B492-AB42AEB1BAE8}.Release|Any CPU.Build.0 = Release|Any CPU
		{A5C183A8-2B85-4A35-BD00-FFCD3F173BF8}.Debug|Any CPU.ActiveCfg = Debug|Any CPU
		{A5C183A8-2B85-4A35-BD00-FFCD3F173BF8}.Debug|Any CPU.Build.0 = Debug|Any CPU
		{A5C183A8-2B85-4A35-BD00-FFCD3F173BF8}.Release|Any CPU.ActiveCfg = Release|Any CPU
		{A5C183A8-2B85-4A35-BD00-FFCD3F173BF8}.Release|Any CPU.Build.0 = Release|Any CPU
		{C4938151-14E2-4AC0-8F87-AD67CA238259}.Debug|Any CPU.ActiveCfg = Debug|Any CPU
		{C4938151-14E2-4AC0-8F87-AD67CA238259}.Debug|Any CPU.Build.0 = Debug|Any CPU
		{C4938151-14E2-4AC0-8F87-AD67CA238259}.Release|Any CPU.ActiveCfg = Release|Any CPU
		{C4938151-14E2-4AC0-8F87-AD67CA238259}.Release|Any CPU.Build.0 = Release|Any CPU
		{C2C8CC74-EB9B-4425-BD31-61466C87E6AB}.Debug|Any CPU.ActiveCfg = Debug|Any CPU
		{C2C8CC74-EB9B-4425-BD31-61466C87E6AB}.Debug|Any CPU.Build.0 = Debug|Any CPU
		{C2C8CC74-EB9B-4425-BD31-61466C87E6AB}.Release|Any CPU.ActiveCfg = Release|Any CPU
		{C2C8CC74-EB9B-4425-BD31-61466C87E6AB}.Release|Any CPU.Build.0 = Release|Any CPU
		{3FCD1A75-174B-41DE-93ED-BE3A01F4C953}.Debug|Any CPU.ActiveCfg = Debug|Any CPU
		{3FCD1A75-174B-41DE-93ED-BE3A01F4C953}.Debug|Any CPU.Build.0 = Debug|Any CPU
		{3FCD1A75-174B-41DE-93ED-BE3A01F4C953}.Release|Any CPU.ActiveCfg = Release|Any CPU
		{3FCD1A75-174B-41DE-93ED-BE3A01F4C953}.Release|Any CPU.Build.0 = Release|Any CPU
		{32B9818A-5454-4A60-9257-AACE167EE824}.Debug|Any CPU.ActiveCfg = Debug|Any CPU
		{32B9818A-5454-4A60-9257-AACE167EE824}.Debug|Any CPU.Build.0 = Debug|Any CPU
		{32B9818A-5454-4A60-9257-AACE167EE824}.Release|Any CPU.ActiveCfg = Release|Any CPU
		{32B9818A-5454-4A60-9257-AACE167EE824}.Release|Any CPU.Build.0 = Release|Any CPU
		{B286180D-0F50-422C-BA55-EF56D81C5BCD}.Debug|Any CPU.ActiveCfg = Debug|Any CPU
		{B286180D-0F50-422C-BA55-EF56D81C5BCD}.Debug|Any CPU.Build.0 = Debug|Any CPU
		{B286180D-0F50-422C-BA55-EF56D81C5BCD}.Release|Any CPU.ActiveCfg = Release|Any CPU
		{B286180D-0F50-422C-BA55-EF56D81C5BCD}.Release|Any CPU.Build.0 = Release|Any CPU
		{496AAC03-03C7-4DC8-86FC-243B752ADECC}.Debug|Any CPU.ActiveCfg = Debug|Any CPU
		{496AAC03-03C7-4DC8-86FC-243B752ADECC}.Debug|Any CPU.Build.0 = Debug|Any CPU
		{496AAC03-03C7-4DC8-86FC-243B752ADECC}.Release|Any CPU.ActiveCfg = Release|Any CPU
		{496AAC03-03C7-4DC8-86FC-243B752ADECC}.Release|Any CPU.Build.0 = Release|Any CPU
	EndGlobalSection
	GlobalSection(SolutionProperties) = preSolution
		HideSolutionNode = FALSE
	EndGlobalSection
	GlobalSection(NestedProjects) = preSolution
		{3834DFD2-546D-4E18-94EB-290D5DA2CA3C} = {02EA681E-C7D8-13C7-8484-4AC65E1B71E8}
		{522C3FA3-FE2B-4110-BC47-89BE133FB216} = {02EA681E-C7D8-13C7-8484-4AC65E1B71E8}
		{A2894DF8-0351-4C68-B36C-0433B59CB553} = {02EA681E-C7D8-13C7-8484-4AC65E1B71E8}
		{308F6C1D-3687-422F-A8DA-148DF12AF5D7} = {02EA681E-C7D8-13C7-8484-4AC65E1B71E8}
		{04658FCB-B041-4D0D-AA4B-C6BA2B550014} = {02EA681E-C7D8-13C7-8484-4AC65E1B71E8}
		{6B926FDD-E2B1-4F73-9955-6DAB79007F92} = {3834DFD2-546D-4E18-94EB-290D5DA2CA3C}
		{C2E7C7EF-456C-427C-AC44-1959EDE16A24} = {3834DFD2-546D-4E18-94EB-290D5DA2CA3C}
		{42C3073F-EC94-495C-8A21-2632E5F3E3A8} = {3834DFD2-546D-4E18-94EB-290D5DA2CA3C}
		{DBE688BC-1558-4C6B-948E-70AC19C0A2EF} = {3834DFD2-546D-4E18-94EB-290D5DA2CA3C}
		{6A5049F0-5C8C-4F60-98E6-CB629A27FF5A} = {3834DFD2-546D-4E18-94EB-290D5DA2CA3C}
		{F0DB7AB2-B2C0-4C00-84D1-7BA7AF10D8F6} = {522C3FA3-FE2B-4110-BC47-89BE133FB216}
		{6DB933D8-4459-4D1E-BD04-7A6EE3B7C672} = {522C3FA3-FE2B-4110-BC47-89BE133FB216}
		{7B02B35E-A59D-4928-9896-CFA696F43D39} = {522C3FA3-FE2B-4110-BC47-89BE133FB216}
		{3209CE96-9D0D-492F-989D-A7EF9F5F9309} = {522C3FA3-FE2B-4110-BC47-89BE133FB216}
		{616604E4-E7A0-40B1-A548-798529347357} = {522C3FA3-FE2B-4110-BC47-89BE133FB216}
		{A7CA07E7-437A-4C83-9728-B5CD6A46F3B1} = {308F6C1D-3687-422F-A8DA-148DF12AF5D7}
		{DDD57357-53E3-4052-AEB4-856F220643C2} = {308F6C1D-3687-422F-A8DA-148DF12AF5D7}
		{E0343BD8-51A9-4DF8-AE8A-6F4F171B8BDC} = {308F6C1D-3687-422F-A8DA-148DF12AF5D7}
		{82852E9D-F751-42A7-9D0B-FAC23722ABCD} = {308F6C1D-3687-422F-A8DA-148DF12AF5D7}
		{6DCF7AF4-D8DD-451F-92E1-9A97791248C9} = {308F6C1D-3687-422F-A8DA-148DF12AF5D7}
		{B5F157A1-E3AB-468E-9B89-F16A2C6C5756} = {04658FCB-B041-4D0D-AA4B-C6BA2B550014}
		{1F56DA73-141C-4CF5-9EBB-1B8523204C60} = {04658FCB-B041-4D0D-AA4B-C6BA2B550014}
		{CA955A73-1808-499B-8B2D-4CFCD0F16F0A} = {04658FCB-B041-4D0D-AA4B-C6BA2B550014}
		{DCE6BD22-164F-468A-A9CD-9A034FA6FD3D} = {04658FCB-B041-4D0D-AA4B-C6BA2B550014}
		{0CD3DB9A-C1AB-4ED1-9CC5-240969DF0B53} = {04658FCB-B041-4D0D-AA4B-C6BA2B550014}
		{FCA5C992-947A-45A4-B492-AB42AEB1BAE8} = {A2894DF8-0351-4C68-B36C-0433B59CB553}
		{A5C183A8-2B85-4A35-BD00-FFCD3F173BF8} = {A2894DF8-0351-4C68-B36C-0433B59CB553}
		{C4938151-14E2-4AC0-8F87-AD67CA238259} = {A2894DF8-0351-4C68-B36C-0433B59CB553}
		{C2C8CC74-EB9B-4425-BD31-61466C87E6AB} = {A2894DF8-0351-4C68-B36C-0433B59CB553}
		{3FCD1A75-174B-41DE-93ED-BE3A01F4C953} = {A2894DF8-0351-4C68-B36C-0433B59CB553}
		{32B9818A-5454-4A60-9257-AACE167EE824} = {B95DBF94-8EFA-4C20-9083-014DA0D01C27}
		{BFA1C053-AC68-4E49-AC77-E70DFBA86F2C} = {B95DBF94-8EFA-4C20-9083-014DA0D01C27}
		{B286180D-0F50-422C-BA55-EF56D81C5BCD} = {BFA1C053-AC68-4E49-AC77-E70DFBA86F2C}
		{496AAC03-03C7-4DC8-86FC-243B752ADECC} = {23A8D99A-07D3-4E0D-8341-0D9AA6E39ED7}
	EndGlobalSection
	GlobalSection(ExtensibilityGlobals) = postSolution
		SolutionGuid = {4036DD5A-DCB4-4DD5-993A-E6D77AF9FE23}
	EndGlobalSection
EndGlobal
